// !$*UTF8*$!
{
	archiveVersion = 1;
	classes = {
	};
	objectVersion = 56;
	objects = {

/* Begin PBXBuildFile section */
		203D1A6B29B9FE6000AEA629 /* GoogleService-Info.plist in Resources */ = {isa = PBXBuildFile; fileRef = 203D1A6A29B9FE6000AEA629 /* GoogleService-Info.plist */; };
		207478D529B8B6200045922A /* AppDelegate.swift in Sources */ = {isa = PBXBuildFile; fileRef = 207478D429B8B6200045922A /* AppDelegate.swift */; };
		207478D729B8B6200045922A /* SceneDelegate.swift in Sources */ = {isa = PBXBuildFile; fileRef = 207478D629B8B6200045922A /* SceneDelegate.swift */; };
		207478D929B8B6200045922A /* LoginViewController.swift in Sources */ = {isa = PBXBuildFile; fileRef = 207478D829B8B6200045922A /* LoginViewController.swift */; };
		207478DC29B8B6200045922A /* Main.storyboard in Resources */ = {isa = PBXBuildFile; fileRef = 207478DA29B8B6200045922A /* Main.storyboard */; };
		207478DE29B8B6220045922A /* Assets.xcassets in Resources */ = {isa = PBXBuildFile; fileRef = 207478DD29B8B6220045922A /* Assets.xcassets */; };
		207478E129B8B6220045922A /* LaunchScreen.storyboard in Resources */ = {isa = PBXBuildFile; fileRef = 207478DF29B8B6220045922A /* LaunchScreen.storyboard */; };
		207478E929B8F88D0045922A /* TasksViewController.swift in Sources */ = {isa = PBXBuildFile; fileRef = 207478E829B8F88D0045922A /* TasksViewController.swift */; };
		8D2E7DA810755B67540982C3 /* Pods_ToDoFIRE.framework in Frameworks */ = {isa = PBXBuildFile; fileRef = 784DE95BC1C02D56DDB716AB /* Pods_ToDoFIRE.framework */; };
/* End PBXBuildFile section */

/* Begin PBXFileReference section */
		203D1A6A29B9FE6000AEA629 /* GoogleService-Info.plist */ = {isa = PBXFileReference; fileEncoding = 4; lastKnownFileType = text.plist.xml; path = "GoogleService-Info.plist"; sourceTree = "<group>"; };
		207478D129B8B6200045922A /* ToDoFIRE.app */ = {isa = PBXFileReference; explicitFileType = wrapper.application; includeInIndex = 0; path = ToDoFIRE.app; sourceTree = BUILT_PRODUCTS_DIR; };
		207478D429B8B6200045922A /* AppDelegate.swift */ = {isa = PBXFileReference; lastKnownFileType = sourcecode.swift; path = AppDelegate.swift; sourceTree = "<group>"; };
		207478D629B8B6200045922A /* SceneDelegate.swift */ = {isa = PBXFileReference; lastKnownFileType = sourcecode.swift; path = SceneDelegate.swift; sourceTree = "<group>"; };
		207478D829B8B6200045922A /* LoginViewController.swift */ = {isa = PBXFileReference; lastKnownFileType = sourcecode.swift; path = LoginViewController.swift; sourceTree = "<group>"; };
		207478DB29B8B6200045922A /* Base */ = {isa = PBXFileReference; lastKnownFileType = file.storyboard; name = Base; path = Base.lproj/Main.storyboard; sourceTree = "<group>"; };
		207478DD29B8B6220045922A /* Assets.xcassets */ = {isa = PBXFileReference; lastKnownFileType = folder.assetcatalog; path = Assets.xcassets; sourceTree = "<group>"; };
		207478E029B8B6220045922A /* Base */ = {isa = PBXFileReference; lastKnownFileType = file.storyboard; name = Base; path = Base.lproj/LaunchScreen.storyboard; sourceTree = "<group>"; };
		207478E229B8B6220045922A /* Info.plist */ = {isa = PBXFileReference; lastKnownFileType = text.plist.xml; path = Info.plist; sourceTree = "<group>"; };
		207478E829B8F88D0045922A /* TasksViewController.swift */ = {isa = PBXFileReference; lastKnownFileType = sourcecode.swift; path = TasksViewController.swift; sourceTree = "<group>"; };
		515B6F98860744E227616BC9 /* Pods-ToDoFIRE.release.xcconfig */ = {isa = PBXFileReference; includeInIndex = 1; lastKnownFileType = text.xcconfig; name = "Pods-ToDoFIRE.release.xcconfig"; path = "Target Support Files/Pods-ToDoFIRE/Pods-ToDoFIRE.release.xcconfig"; sourceTree = "<group>"; };
		784DE95BC1C02D56DDB716AB /* Pods_ToDoFIRE.framework */ = {isa = PBXFileReference; explicitFileType = wrapper.framework; includeInIndex = 0; path = Pods_ToDoFIRE.framework; sourceTree = BUILT_PRODUCTS_DIR; };
		CF9949C9E69409AABF60E58B /* Pods-ToDoFIRE.debug.xcconfig */ = {isa = PBXFileReference; includeInIndex = 1; lastKnownFileType = text.xcconfig; name = "Pods-ToDoFIRE.debug.xcconfig"; path = "Target Support Files/Pods-ToDoFIRE/Pods-ToDoFIRE.debug.xcconfig"; sourceTree = "<group>"; };
/* End PBXFileReference section */

/* Begin PBXFrameworksBuildPhase section */
		207478CE29B8B6200045922A /* Frameworks */ = {
			isa = PBXFrameworksBuildPhase;
			buildActionMask = 2147483647;
			files = (
				8D2E7DA810755B67540982C3 /* Pods_ToDoFIRE.framework in Frameworks */,
			);
			runOnlyForDeploymentPostprocessing = 0;
		};
/* End PBXFrameworksBuildPhase section */

/* Begin PBXGroup section */
		207478C829B8B6200045922A = {
			isa = PBXGroup;
			children = (
				207478D329B8B6200045922A /* ToDoFIRE */,
				207478D229B8B6200045922A /* Products */,
				D8B87505B79568AFEF59E411 /* Pods */,
				6BD71C12CDAB6D89A5B5E58F /* Frameworks */,
			);
			sourceTree = "<group>";
		};
		207478D229B8B6200045922A /* Products */ = {
			isa = PBXGroup;
			children = (
				207478D129B8B6200045922A /* ToDoFIRE.app */,
			);
			name = Products;
			sourceTree = "<group>";
		};
		207478D329B8B6200045922A /* ToDoFIRE */ = {
			isa = PBXGroup;
			children = (
				207478EB29B8F8D80045922A /* Controllers */,
				207478EA29B8F8B50045922A /* Supporting files */,
			);
			path = ToDoFIRE;
			sourceTree = "<group>";
		};
		207478EA29B8F8B50045922A /* Supporting files */ = {
			isa = PBXGroup;
			children = (
				207478DA29B8B6200045922A /* Main.storyboard */,
				207478D429B8B6200045922A /* AppDelegate.swift */,
				207478D629B8B6200045922A /* SceneDelegate.swift */,
				207478DD29B8B6220045922A /* Assets.xcassets */,
				207478DF29B8B6220045922A /* LaunchScreen.storyboard */,
				207478E229B8B6220045922A /* Info.plist */,
				203D1A6A29B9FE6000AEA629 /* GoogleService-Info.plist */,
			);
			path = "Supporting files";
			sourceTree = "<group>";
		};
		207478EB29B8F8D80045922A /* Controllers */ = {
			isa = PBXGroup;
			children = (
				207478D829B8B6200045922A /* LoginViewController.swift */,
				207478E829B8F88D0045922A /* TasksViewController.swift */,
			);
			path = Controllers;
			sourceTree = "<group>";
		};
		6BD71C12CDAB6D89A5B5E58F /* Frameworks */ = {
			isa = PBXGroup;
			children = (
				784DE95BC1C02D56DDB716AB /* Pods_ToDoFIRE.framework */,
			);
			name = Frameworks;
			sourceTree = "<group>";
		};
		D8B87505B79568AFEF59E411 /* Pods */ = {
			isa = PBXGroup;
			children = (
				CF9949C9E69409AABF60E58B /* Pods-ToDoFIRE.debug.xcconfig */,
				515B6F98860744E227616BC9 /* Pods-ToDoFIRE.release.xcconfig */,
			);
			name = Pods;
			path = Pods;
			sourceTree = "<group>";
		};
/* End PBXGroup section */

/* Begin PBXNativeTarget section */
		207478D029B8B6200045922A /* ToDoFIRE */ = {
			isa = PBXNativeTarget;
			buildConfigurationList = 207478E529B8B6220045922A /* Build configuration list for PBXNativeTarget "ToDoFIRE" */;
			buildPhases = (
				2297FD47F193CB937A1E81E4 /* [CP] Check Pods Manifest.lock */,
				207478CD29B8B6200045922A /* Sources */,
				207478CE29B8B6200045922A /* Frameworks */,
				207478CF29B8B6200045922A /* Resources */,
				AAC093C336705022C8E71997 /* [CP] Embed Pods Frameworks */,
			);
			buildRules = (
			);
			dependencies = (
			);
			name = ToDoFIRE;
			productName = ToDoFIRE;
			productReference = 207478D129B8B6200045922A /* ToDoFIRE.app */;
			productType = "com.apple.product-type.application";
		};
/* End PBXNativeTarget section */

/* Begin PBXProject section */
		207478C929B8B6200045922A /* Project object */ = {
			isa = PBXProject;
			attributes = {
				BuildIndependentTargetsInParallel = 1;
				LastSwiftUpdateCheck = 1420;
				LastUpgradeCheck = 1420;
				TargetAttributes = {
					207478D029B8B6200045922A = {
						CreatedOnToolsVersion = 14.2;
					};
				};
			};
			buildConfigurationList = 207478CC29B8B6200045922A /* Build configuration list for PBXProject "ToDoFIRE" */;
			compatibilityVersion = "Xcode 14.0";
			developmentRegion = en;
			hasScannedForEncodings = 0;
			knownRegions = (
				en,
				Base,
			);
			mainGroup = 207478C829B8B6200045922A;
			productRefGroup = 207478D229B8B6200045922A /* Products */;
			projectDirPath = "";
			projectRoot = "";
			targets = (
				207478D029B8B6200045922A /* ToDoFIRE */,
			);
		};
/* End PBXProject section */

/* Begin PBXResourcesBuildPhase section */
		207478CF29B8B6200045922A /* Resources */ = {
			isa = PBXResourcesBuildPhase;
			buildActionMask = 2147483647;
			files = (
				207478E129B8B6220045922A /* LaunchScreen.storyboard in Resources */,
				203D1A6B29B9FE6000AEA629 /* GoogleService-Info.plist in Resources */,
				207478DE29B8B6220045922A /* Assets.xcassets in Resources */,
				207478DC29B8B6200045922A /* Main.storyboard in Resources */,
			);
			runOnlyForDeploymentPostprocessing = 0;
		};
/* End PBXResourcesBuildPhase section */

/* Begin PBXShellScriptBuildPhase section */
		2297FD47F193CB937A1E81E4 /* [CP] Check Pods Manifest.lock */ = {
			isa = PBXShellScriptBuildPhase;
			buildActionMask = 2147483647;
			files = (
			);
			inputFileListPaths = (
			);
			inputPaths = (
				"${PODS_PODFILE_DIR_PATH}/Podfile.lock",
				"${PODS_ROOT}/Manifest.lock",
			);
			name = "[CP] Check Pods Manifest.lock";
			outputFileListPaths = (
			);
			outputPaths = (
				"$(DERIVED_FILE_DIR)/Pods-ToDoFIRE-checkManifestLockResult.txt",
			);
			runOnlyForDeploymentPostprocessing = 0;
			shellPath = /bin/sh;
			shellScript = "diff \"${PODS_PODFILE_DIR_PATH}/Podfile.lock\" \"${PODS_ROOT}/Manifest.lock\" > /dev/null\nif [ $? != 0 ] ; then\n    # print error to STDERR\n    echo \"error: The sandbox is not in sync with the Podfile.lock. Run 'pod install' or update your CocoaPods installation.\" >&2\n    exit 1\nfi\n# This output is used by Xcode 'outputs' to avoid re-running this script phase.\necho \"SUCCESS\" > \"${SCRIPT_OUTPUT_FILE_0}\"\n";
			showEnvVarsInLog = 0;
		};
		AAC093C336705022C8E71997 /* [CP] Embed Pods Frameworks */ = {
			isa = PBXShellScriptBuildPhase;
			buildActionMask = 2147483647;
			files = (
			);
			inputFileListPaths = (
				"${PODS_ROOT}/Target Support Files/Pods-ToDoFIRE/Pods-ToDoFIRE-frameworks-${CONFIGURATION}-input-files.xcfilelist",
			);
			name = "[CP] Embed Pods Frameworks";
			outputFileListPaths = (
				"${PODS_ROOT}/Target Support Files/Pods-ToDoFIRE/Pods-ToDoFIRE-frameworks-${CONFIGURATION}-output-files.xcfilelist",
			);
			runOnlyForDeploymentPostprocessing = 0;
			shellPath = /bin/sh;
			shellScript = "\"${PODS_ROOT}/Target Support Files/Pods-ToDoFIRE/Pods-ToDoFIRE-frameworks.sh\"\n";
			showEnvVarsInLog = 0;
		};
/* End PBXShellScriptBuildPhase section */

/* Begin PBXSourcesBuildPhase section */
		207478CD29B8B6200045922A /* Sources */ = {
			isa = PBXSourcesBuildPhase;
			buildActionMask = 2147483647;
			files = (
				207478D929B8B6200045922A /* LoginViewController.swift in Sources */,
				207478E929B8F88D0045922A /* TasksViewController.swift in Sources */,
				207478D529B8B6200045922A /* AppDelegate.swift in Sources */,
				207478D729B8B6200045922A /* SceneDelegate.swift in Sources */,
			);
			runOnlyForDeploymentPostprocessing = 0;
		};
/* End PBXSourcesBuildPhase section */

/* Begin PBXVariantGroup section */
		207478DA29B8B6200045922A /* Main.storyboard */ = {
			isa = PBXVariantGroup;
			children = (
				207478DB29B8B6200045922A /* Base */,
			);
			name = Main.storyboard;
			sourceTree = "<group>";
		};
		207478DF29B8B6220045922A /* LaunchScreen.storyboard */ = {
			isa = PBXVariantGroup;
			children = (
				207478E029B8B6220045922A /* Base */,
			);
			name = LaunchScreen.storyboard;
			sourceTree = "<group>";
		};
/* End PBXVariantGroup section */

/* Begin XCBuildConfiguration section */
		207478E329B8B6220045922A /* Debug */ = {
			isa = XCBuildConfiguration;
			buildSettings = {
				ALWAYS_SEARCH_USER_PATHS = NO;
				CLANG_ANALYZER_NONNULL = YES;
				CLANG_ANALYZER_NUMBER_OBJECT_CONVERSION = YES_AGGRESSIVE;
				CLANG_CXX_LANGUAGE_STANDARD = "gnu++20";
				CLANG_ENABLE_MODULES = YES;
				CLANG_ENABLE_OBJC_ARC = YES;
				CLANG_ENABLE_OBJC_WEAK = YES;
				CLANG_WARN_BLOCK_CAPTURE_AUTORELEASING = YES;
				CLANG_WARN_BOOL_CONVERSION = YES;
				CLANG_WARN_COMMA = YES;
				CLANG_WARN_CONSTANT_CONVERSION = YES;
				CLANG_WARN_DEPRECATED_OBJC_IMPLEMENTATIONS = YES;
				CLANG_WARN_DIRECT_OBJC_ISA_USAGE = YES_ERROR;
				CLANG_WARN_DOCUMENTATION_COMMENTS = YES;
				CLANG_WARN_EMPTY_BODY = YES;
				CLANG_WARN_ENUM_CONVERSION = YES;
				CLANG_WARN_INFINITE_RECURSION = YES;
				CLANG_WARN_INT_CONVERSION = YES;
				CLANG_WARN_NON_LITERAL_NULL_CONVERSION = YES;
				CLANG_WARN_OBJC_IMPLICIT_RETAIN_SELF = YES;
				CLANG_WARN_OBJC_LITERAL_CONVERSION = YES;
				CLANG_WARN_OBJC_ROOT_CLASS = YES_ERROR;
				CLANG_WARN_QUOTED_INCLUDE_IN_FRAMEWORK_HEADER = YES;
				CLANG_WARN_RANGE_LOOP_ANALYSIS = YES;
				CLANG_WARN_STRICT_PROTOTYPES = YES;
				CLANG_WARN_SUSPICIOUS_MOVE = YES;
				CLANG_WARN_UNGUARDED_AVAILABILITY = YES_AGGRESSIVE;
				CLANG_WARN_UNREACHABLE_CODE = YES;
				CLANG_WARN__DUPLICATE_METHOD_MATCH = YES;
				COPY_PHASE_STRIP = NO;
				DEBUG_INFORMATION_FORMAT = dwarf;
				ENABLE_STRICT_OBJC_MSGSEND = YES;
				ENABLE_TESTABILITY = YES;
				GCC_C_LANGUAGE_STANDARD = gnu11;
				GCC_DYNAMIC_NO_PIC = NO;
				GCC_NO_COMMON_BLOCKS = YES;
				GCC_OPTIMIZATION_LEVEL = 0;
				GCC_PREPROCESSOR_DEFINITIONS = (
					"DEBUG=1",
					"$(inherited)",
				);
				GCC_WARN_64_TO_32_BIT_CONVERSION = YES;
				GCC_WARN_ABOUT_RETURN_TYPE = YES_ERROR;
				GCC_WARN_UNDECLARED_SELECTOR = YES;
				GCC_WARN_UNINITIALIZED_AUTOS = YES_AGGRESSIVE;
				GCC_WARN_UNUSED_FUNCTION = YES;
				GCC_WARN_UNUSED_VARIABLE = YES;
				IPHONEOS_DEPLOYMENT_TARGET = 16.2;
				MTL_ENABLE_DEBUG_INFO = INCLUDE_SOURCE;
				MTL_FAST_MATH = YES;
				ONLY_ACTIVE_ARCH = YES;
				SDKROOT = iphoneos;
				SWIFT_ACTIVE_COMPILATION_CONDITIONS = DEBUG;
				SWIFT_OPTIMIZATION_LEVEL = "-Onone";
			};
			name = Debug;
		};
		207478E429B8B6220045922A /* Release */ = {
			isa = XCBuildConfiguration;
			buildSettings = {
				ALWAYS_SEARCH_USER_PATHS = NO;
				CLANG_ANALYZER_NONNULL = YES;
				CLANG_ANALYZER_NUMBER_OBJECT_CONVERSION = YES_AGGRESSIVE;
				CLANG_CXX_LANGUAGE_STANDARD = "gnu++20";
				CLANG_ENABLE_MODULES = YES;
				CLANG_ENABLE_OBJC_ARC = YES;
				CLANG_ENABLE_OBJC_WEAK = YES;
				CLANG_WARN_BLOCK_CAPTURE_AUTORELEASING = YES;
				CLANG_WARN_BOOL_CONVERSION = YES;
				CLANG_WARN_COMMA = YES;
				CLANG_WARN_CONSTANT_CONVERSION = YES;
				CLANG_WARN_DEPRECATED_OBJC_IMPLEMENTATIONS = YES;
				CLANG_WARN_DIRECT_OBJC_ISA_USAGE = YES_ERROR;
				CLANG_WARN_DOCUMENTATION_COMMENTS = YES;
				CLANG_WARN_EMPTY_BODY = YES;
				CLANG_WARN_ENUM_CONVERSION = YES;
				CLANG_WARN_INFINITE_RECURSION = YES;
				CLANG_WARN_INT_CONVERSION = YES;
				CLANG_WARN_NON_LITERAL_NULL_CONVERSION = YES;
				CLANG_WARN_OBJC_IMPLICIT_RETAIN_SELF = YES;
				CLANG_WARN_OBJC_LITERAL_CONVERSION = YES;
				CLANG_WARN_OBJC_ROOT_CLASS = YES_ERROR;
				CLANG_WARN_QUOTED_INCLUDE_IN_FRAMEWORK_HEADER = YES;
				CLANG_WARN_RANGE_LOOP_ANALYSIS = YES;
				CLANG_WARN_STRICT_PROTOTYPES = YES;
				CLANG_WARN_SUSPICIOUS_MOVE = YES;
				CLANG_WARN_UNGUARDED_AVAILABILITY = YES_AGGRESSIVE;
				CLANG_WARN_UNREACHABLE_CODE = YES;
				CLANG_WARN__DUPLICATE_METHOD_MATCH = YES;
				COPY_PHASE_STRIP = NO;
				DEBUG_INFORMATION_FORMAT = "dwarf-with-dsym";
				ENABLE_NS_ASSERTIONS = NO;
				ENABLE_STRICT_OBJC_MSGSEND = YES;
				GCC_C_LANGUAGE_STANDARD = gnu11;
				GCC_NO_COMMON_BLOCKS = YES;
				GCC_WARN_64_TO_32_BIT_CONVERSION = YES;
				GCC_WARN_ABOUT_RETURN_TYPE = YES_ERROR;
				GCC_WARN_UNDECLARED_SELECTOR = YES;
				GCC_WARN_UNINITIALIZED_AUTOS = YES_AGGRESSIVE;
				GCC_WARN_UNUSED_FUNCTION = YES;
				GCC_WARN_UNUSED_VARIABLE = YES;
				IPHONEOS_DEPLOYMENT_TARGET = 16.2;
				MTL_ENABLE_DEBUG_INFO = NO;
				MTL_FAST_MATH = YES;
				SDKROOT = iphoneos;
				SWIFT_COMPILATION_MODE = wholemodule;
				SWIFT_OPTIMIZATION_LEVEL = "-O";
				VALIDATE_PRODUCT = YES;
			};
			name = Release;
		};
		207478E629B8B6220045922A /* Debug */ = {
			isa = XCBuildConfiguration;
			baseConfigurationReference = CF9949C9E69409AABF60E58B /* Pods-ToDoFIRE.debug.xcconfig */;
			buildSettings = {
				ASSETCATALOG_COMPILER_APPICON_NAME = AppIcon;
				ASSETCATALOG_COMPILER_GLOBAL_ACCENT_COLOR_NAME = AccentColor;
				CODE_SIGN_STYLE = Automatic;
				CURRENT_PROJECT_VERSION = 1;
				DEVELOPMENT_TEAM = LB5X526724;
				GENERATE_INFOPLIST_FILE = YES;
				INFOPLIST_FILE = "ToDoFIRE/Supporting files/Info.plist";
				INFOPLIST_KEY_UIApplicationSupportsIndirectInputEvents = YES;
				INFOPLIST_KEY_UILaunchStoryboardName = LaunchScreen;
				INFOPLIST_KEY_UIMainStoryboardFile = Main;
				INFOPLIST_KEY_UISupportedInterfaceOrientations_iPad = "UIInterfaceOrientationPortrait UIInterfaceOrientationPortraitUpsideDown UIInterfaceOrientationLandscapeLeft UIInterfaceOrientationLandscapeRight";
				INFOPLIST_KEY_UISupportedInterfaceOrientations_iPhone = "UIInterfaceOrientationPortrait UIInterfaceOrientationLandscapeLeft UIInterfaceOrientationLandscapeRight";
				LD_RUNPATH_SEARCH_PATHS = (
					"$(inherited)",
					"@executable_path/Frameworks",
				);
				MARKETING_VERSION = 1.0;
				PRODUCT_BUNDLE_IDENTIFIER = emil.ToDoFIRE;
				PRODUCT_NAME = "$(TARGET_NAME)";
				SWIFT_EMIT_LOC_STRINGS = YES;
				SWIFT_VERSION = 5.0;
				TARGETED_DEVICE_FAMILY = "1,2";
			};
			name = Debug;
		};
		207478E729B8B6220045922A /* Release */ = {
			isa = XCBuildConfiguration;
			baseConfigurationReference = 515B6F98860744E227616BC9 /* Pods-ToDoFIRE.release.xcconfig */;
			buildSettings = {
				ASSETCATALOG_COMPILER_APPICON_NAME = AppIcon;
				ASSETCATALOG_COMPILER_GLOBAL_ACCENT_COLOR_NAME = AccentColor;
				CODE_SIGN_STYLE = Automatic;
				CURRENT_PROJECT_VERSION = 1;
				DEVELOPMENT_TEAM = LB5X526724;
				GENERATE_INFOPLIST_FILE = YES;
				INFOPLIST_FILE = "ToDoFIRE/Supporting files/Info.plist";
				INFOPLIST_KEY_UIApplicationSupportsIndirectInputEvents = YES;
				INFOPLIST_KEY_UILaunchStoryboardName = LaunchScreen;
				INFOPLIST_KEY_UIMainStoryboardFile = Main;
				INFOPLIST_KEY_UISupportedInterfaceOrientations_iPad = "UIInterfaceOrientationPortrait UIInterfaceOrientationPortraitUpsideDown UIInterfaceOrientationLandscapeLeft UIInterfaceOrientationLandscapeRight";
				INFOPLIST_KEY_UISupportedInterfaceOrientations_iPhone = "UIInterfaceOrientationPortrait UIInterfaceOrientationLandscapeLeft UIInterfaceOrientationLandscapeRight";
				LD_RUNPATH_SEARCH_PATHS = (
					"$(inherited)",
					"@executable_path/Frameworks",
				);
				MARKETING_VERSION = 1.0;
				PRODUCT_BUNDLE_IDENTIFIER = emil.ToDoFIRE;
				PRODUCT_NAME = "$(TARGET_NAME)";
				SWIFT_EMIT_LOC_STRINGS = YES;
				SWIFT_VERSION = 5.0;
				TARGETED_DEVICE_FAMILY = "1,2";
			};
			name = Release;
		};
/* End XCBuildConfiguration section */

/* Begin XCConfigurationList section */
		207478CC29B8B6200045922A /* Build configuration list for PBXProject "ToDoFIRE" */ = {
			isa = XCConfigurationList;
			buildConfigurations = (
				207478E329B8B6220045922A /* Debug */,
				207478E429B8B6220045922A /* Release */,
			);
			defaultConfigurationIsVisible = 0;
			defaultConfigurationName = Release;
		};
		207478E529B8B6220045922A /* Build configuration list for PBXNativeTarget "ToDoFIRE" */ = {
			isa = XCConfigurationList;
			buildConfigurations = (
				207478E629B8B6220045922A /* Debug */,
				207478E729B8B6220045922A /* Release */,
			);
			defaultConfigurationIsVisible = 0;
			defaultConfigurationName = Release;
		};
/* End XCConfigurationList section */
	};
	rootObject = 207478C929B8B6200045922A /* Project object */;
}
